
Microsoft Visual Studio Solution File, Format Version 12.00
# Visual Studio Version 17
VisualStudioVersion = 17.13.35825.156 d17.13
MinimumVisualStudioVersion = 10.0.40219.1
Project("{FAE04EC0-301F-11D3-BF4B-00C04F79EFBC}") = "WebApiTest", "WebApiTest\WebApiTest.csproj", "{D4199866-7D5B-477F-94C1-75B613FF1D30}"
EndProject
Project("{FAE04EC0-301F-11D3-BF4B-00C04F79EFBC}") = "Entities", "Entities\Entities.csproj", "{84FE6E18-008F-4BA3-A03B-D42E38272424}"
EndProject
Global
	GlobalSection(SolutionConfigurationPlatforms) = preSolution
		Debug|Any CPU = Debug|Any CPU
		Release|Any CPU = Release|Any CPU
	EndGlobalSection
	GlobalSection(ProjectConfigurationPlatforms) = postSolution
		{D4199866-7D5B-477F-94C1-75B613FF1D30}.Debug|Any CPU.ActiveCfg = Debug|Any CPU
		{D4199866-7D5B-477F-94C1-75B613FF1D30}.Debug|Any CPU.Build.0 = Debug|Any CPU
		{D4199866-7D5B-477F-94C1-75B613FF1D30}.Release|Any CPU.ActiveCfg = Release|Any CPU
		{D4199866-7D5B-477F-94C1-75B613FF1D30}.Release|Any CPU.Build.0 = Release|Any CPU
		{84FE6E18-008F-4BA3-A03B-D42E38272424}.Debug|Any CPU.ActiveCfg = Debug|Any CPU
		{84FE6E18-008F-4BA3-A03B-D42E38272424}.Debug|Any CPU.Build.0 = Debug|Any CPU
		{84FE6E18-008F-4BA3-A03B-D42E38272424}.Release|Any CPU.ActiveCfg = Release|Any CPU
		{84FE6E18-008F-4BA3-A03B-D42E38272424}.Release|Any CPU.Build.0 = Release|Any CPU
	EndGlobalSection
	GlobalSection(SolutionProperties) = preSolution
		HideSolutionNode = FALSE
	EndGlobalSection
	GlobalSection(ExtensibilityGlobals) = postSolution
		SolutionGuid = {D10A08E1-6D9A-42F3-8544-D2F7E898A4DE}
	EndGlobalSection
EndGlobal
